
Microsoft Visual Studio Solution File, Format Version 12.00
# Visual Studio Version 17
VisualStudioVersion = 17.1.32228.430
MinimumVisualStudioVersion = 10.0.40219.1
Project("{2150E333-8FDC-42A3-9474-1A3956D46DE8}") = "Services", "Services", "{1DC12FB3-A925-43E8-9823-009F60A37146}"
EndProject
Project("{2150E333-8FDC-42A3-9474-1A3956D46DE8}") = "Core", "Core", "{DA8B4717-2C70-4044-82F3-643A7EB1007C}"
EndProject
Project("{2150E333-8FDC-42A3-9474-1A3956D46DE8}") = "Gateway", "Gateway", "{3F126EB3-9B01-426C-8EB6-5328C8DEC879}"
EndProject
Project("{9A19103F-16F7-4668-BE54-9A1E7A4F7556}") = "MyStore.Gateway", "Gateway\MyStore.Gateway\MyStore.Gateway.csproj", "{3CEEB0EC-2083-469A-8C6B-98F52EDC2DF5}"
EndProject
Project("{2150E333-8FDC-42A3-9474-1A3956D46DE8}") = "Catalog", "Catalog", "{DC6EC959-1720-4E9D-A263-27472C935E49}"
EndProject
Project("{9A19103F-16F7-4668-BE54-9A1E7A4F7556}") = "MyStore.Services.Catalog.API", "Services\Catalog\MyStore.Services.Catalog.API\MyStore.Services.Catalog.API.csproj", "{F93F854A-9C7E-4940-962F-A0D2534EBEDD}"
EndProject
Project("{9A19103F-16F7-4668-BE54-9A1E7A4F7556}") = "MyStore.Core.ServiceDiscovery.Consul", "Core\MyStore.Core.ServiceDiscovery.Consul\MyStore.Core.ServiceDiscovery.Consul.csproj", "{D85DA7AC-A8A5-4986-A332-E131D32D181D}"
EndProject
Project("{9A19103F-16F7-4668-BE54-9A1E7A4F7556}") = "MyStore.Core.ServiceDiscovery", "Core\MyStore.Core.ServiceDiscovery\MyStore.Core.ServiceDiscovery.csproj", "{64D4E285-8334-4A8A-9806-AB53F7A35078}"
EndProject
Project("{9A19103F-16F7-4668-BE54-9A1E7A4F7556}") = "MyStore.Services.Catalog.Domain", "Services\Catalog\MyStore.Services.Catalog.Domain\MyStore.Services.Catalog.Domain.csproj", "{822AF956-4C49-492C-8603-E2A1FAC41EB8}"
EndProject
Project("{9A19103F-16F7-4668-BE54-9A1E7A4F7556}") = "MyStore.Services.Catalog.Application", "Services\Catalog\MyStore.Services.Catalog.Application\MyStore.Services.Catalog.Application.csproj", "{F0072929-9424-4C6D-9675-20BF0A47F1FE}"
EndProject
Project("{9A19103F-16F7-4668-BE54-9A1E7A4F7556}") = "MyStore.Core.EntityFrameworkCore", "Core\MyStore.Core.EntityFrameworkCore\MyStore.Core.EntityFrameworkCore.csproj", "{3A9FB718-277C-4E62-97EF-EED66CC59636}"
EndProject
Project("{9A19103F-16F7-4668-BE54-9A1E7A4F7556}") = "MyStore.Core.EntityFrameworkCore.SqlServer", "Core\MyStore.Core.EntityFrameworkCore.SqlServer\MyStore.Core.EntityFrameworkCore.SqlServer.csproj", "{35F5E779-A320-440E-85DB-E7232E343B04}"
EndProject
Project("{9A19103F-16F7-4668-BE54-9A1E7A4F7556}") = "MyStore.Services.Catalog.Repository", "Services\Catalog\MyStore.Services.Catalog.Repository\MyStore.Services.Catalog.Repository.csproj", "{296A8F01-14D2-4FE6-A1ED-303DA115CCCA}"
EndProject
Project("{9A19103F-16F7-4668-BE54-9A1E7A4F7556}") = "MyStore.Core.Mvc", "Core\MyStore.Core.Mvc\MyStore.Core.Mvc.csproj", "{FFAC2C04-598B-4897-AC8F-4BF4FDA6283B}"
EndProject
Project("{2150E333-8FDC-42A3-9474-1A3956D46DE8}") = "Identity", "Identity", "{853DC452-1BE7-43BB-A2AA-065AB71B4004}"
EndProject
Project("{9A19103F-16F7-4668-BE54-9A1E7A4F7556}") = "MyStore.Services.Identity.Repository", "Services\Identity\MyStore.Services.Identity.Repository\MyStore.Services.Identity.Repository.csproj", "{7623DC1C-B176-45B7-BA81-B85984CBB3A6}"
EndProject
Project("{9A19103F-16F7-4668-BE54-9A1E7A4F7556}") = "MyStore.Services.Identity.Domain", "Services\Identity\MyStore.Services.Identity.Domain\MyStore.Services.Identity.Domain.csproj", "{CF332F2A-D9DB-4083-88DB-734BAC90BB12}"
EndProject
Project("{9A19103F-16F7-4668-BE54-9A1E7A4F7556}") = "MyStore.Services.Identity.Application", "Services\Identity\MyStore.Services.Identity.Application\MyStore.Services.Identity.Application.csproj", "{73823E9F-2970-46BE-BFB6-575EB13AC12D}"
EndProject
Project("{9A19103F-16F7-4668-BE54-9A1E7A4F7556}") = "MyStore.Services.Identity.API", "Services\Identity\MyStore.Services.Identity.API\MyStore.Services.Identity.API.csproj", "{DE270CF7-9AE4-404E-A78C-6B6D96B7A75E}"
EndProject
Project("{2150E333-8FDC-42A3-9474-1A3956D46DE8}") = "Web", "Web", "{75B1D95A-B2B6-4299-8562-452108D41F83}"
EndProject
Project("{2150E333-8FDC-42A3-9474-1A3956D46DE8}") = "Administration", "Administration", "{DE4BB1E8-8A40-4E7B-9DB0-A1CC3901EE2C}"
EndProject
Project("{2150E333-8FDC-42A3-9474-1A3956D46DE8}") = "Store", "Store", "{C511AC24-C37D-4D25-9CBA-3162BD9C231B}"
EndProject
Project("{9A19103F-16F7-4668-BE54-9A1E7A4F7556}") = "MyStore.Web.Administration.App", "Web\Administration\MyStore.Web.Administration.App\MyStore.Web.Administration.App.csproj", "{60823D83-7DDC-439C-9EB0-23EC937F871A}"
EndProject
Project("{2150E333-8FDC-42A3-9474-1A3956D46DE8}") = "Basket", "Basket", "{73502FFA-7E18-4187-9A3E-85E182FF8557}"
EndProject
Project("{FAE04EC0-301F-11D3-BF4B-00C04F79EFBC}") = "MyStore.Services.Basket.API", "Services\Basket\MyStore.Services.Basket.API\MyStore.Services.Basket.API.csproj", "{959AC70B-6957-48CF-98F6-3805485F8EF3}"
EndProject
Project("{FAE04EC0-301F-11D3-BF4B-00C04F79EFBC}") = "MyStore.Services.Basket.Application", "Services\Basket\MyStore.Services.Basket.Application\MyStore.Services.Basket.Application.csproj", "{D43B83FF-CDEC-47BB-8059-DCBADDD6EBF7}"
EndProject
Project("{FAE04EC0-301F-11D3-BF4B-00C04F79EFBC}") = "MyStore.Services.Basket.Domain", "Services\Basket\MyStore.Services.Basket.Domain\MyStore.Services.Basket.Domain.csproj", "{DBE90505-9F98-4440-A917-307340705805}"
EndProject
Project("{FAE04EC0-301F-11D3-BF4B-00C04F79EFBC}") = "MyStore.Services.Basket.Repository", "Services\Basket\MyStore.Services.Basket.Repository\MyStore.Services.Basket.Repository.csproj", "{20A049E6-6CB2-4BF2-A051-F5C013F38F86}"
EndProject
Global
	GlobalSection(SolutionConfigurationPlatforms) = preSolution
		Debug|Any CPU = Debug|Any CPU
		Release|Any CPU = Release|Any CPU
	EndGlobalSection
	GlobalSection(ProjectConfigurationPlatforms) = postSolution
		{3CEEB0EC-2083-469A-8C6B-98F52EDC2DF5}.Debug|Any CPU.ActiveCfg = Debug|Any CPU
		{3CEEB0EC-2083-469A-8C6B-98F52EDC2DF5}.Debug|Any CPU.Build.0 = Debug|Any CPU
		{3CEEB0EC-2083-469A-8C6B-98F52EDC2DF5}.Release|Any CPU.ActiveCfg = Release|Any CPU
		{3CEEB0EC-2083-469A-8C6B-98F52EDC2DF5}.Release|Any CPU.Build.0 = Release|Any CPU
		{F93F854A-9C7E-4940-962F-A0D2534EBEDD}.Debug|Any CPU.ActiveCfg = Debug|Any CPU
		{F93F854A-9C7E-4940-962F-A0D2534EBEDD}.Debug|Any CPU.Build.0 = Debug|Any CPU
		{F93F854A-9C7E-4940-962F-A0D2534EBEDD}.Release|Any CPU.ActiveCfg = Release|Any CPU
		{F93F854A-9C7E-4940-962F-A0D2534EBEDD}.Release|Any CPU.Build.0 = Release|Any CPU
		{D85DA7AC-A8A5-4986-A332-E131D32D181D}.Debug|Any CPU.ActiveCfg = Debug|Any CPU
		{D85DA7AC-A8A5-4986-A332-E131D32D181D}.Debug|Any CPU.Build.0 = Debug|Any CPU
		{D85DA7AC-A8A5-4986-A332-E131D32D181D}.Release|Any CPU.ActiveCfg = Release|Any CPU
		{D85DA7AC-A8A5-4986-A332-E131D32D181D}.Release|Any CPU.Build.0 = Release|Any CPU
		{64D4E285-8334-4A8A-9806-AB53F7A35078}.Debug|Any CPU.ActiveCfg = Debug|Any CPU
		{64D4E285-8334-4A8A-9806-AB53F7A35078}.Debug|Any CPU.Build.0 = Debug|Any CPU
		{64D4E285-8334-4A8A-9806-AB53F7A35078}.Release|Any CPU.ActiveCfg = Release|Any CPU
		{64D4E285-8334-4A8A-9806-AB53F7A35078}.Release|Any CPU.Build.0 = Release|Any CPU
		{822AF956-4C49-492C-8603-E2A1FAC41EB8}.Debug|Any CPU.ActiveCfg = Debug|Any CPU
		{822AF956-4C49-492C-8603-E2A1FAC41EB8}.Debug|Any CPU.Build.0 = Debug|Any CPU
		{822AF956-4C49-492C-8603-E2A1FAC41EB8}.Release|Any CPU.ActiveCfg = Release|Any CPU
		{822AF956-4C49-492C-8603-E2A1FAC41EB8}.Release|Any CPU.Build.0 = Release|Any CPU
		{F0072929-9424-4C6D-9675-20BF0A47F1FE}.Debug|Any CPU.ActiveCfg = Debug|Any CPU
		{F0072929-9424-4C6D-9675-20BF0A47F1FE}.Debug|Any CPU.Build.0 = Debug|Any CPU
		{F0072929-9424-4C6D-9675-20BF0A47F1FE}.Release|Any CPU.ActiveCfg = Release|Any CPU
		{F0072929-9424-4C6D-9675-20BF0A47F1FE}.Release|Any CPU.Build.0 = Release|Any CPU
		{3A9FB718-277C-4E62-97EF-EED66CC59636}.Debug|Any CPU.ActiveCfg = Debug|Any CPU
		{3A9FB718-277C-4E62-97EF-EED66CC59636}.Debug|Any CPU.Build.0 = Debug|Any CPU
		{3A9FB718-277C-4E62-97EF-EED66CC59636}.Release|Any CPU.ActiveCfg = Release|Any CPU
		{3A9FB718-277C-4E62-97EF-EED66CC59636}.Release|Any CPU.Build.0 = Release|Any CPU
		{35F5E779-A320-440E-85DB-E7232E343B04}.Debug|Any CPU.ActiveCfg = Debug|Any CPU
		{35F5E779-A320-440E-85DB-E7232E343B04}.Debug|Any CPU.Build.0 = Debug|Any CPU
		{35F5E779-A320-440E-85DB-E7232E343B04}.Release|Any CPU.ActiveCfg = Release|Any CPU
		{35F5E779-A320-440E-85DB-E7232E343B04}.Release|Any CPU.Build.0 = Release|Any CPU
		{296A8F01-14D2-4FE6-A1ED-303DA115CCCA}.Debug|Any CPU.ActiveCfg = Debug|Any CPU
		{296A8F01-14D2-4FE6-A1ED-303DA115CCCA}.Debug|Any CPU.Build.0 = Debug|Any CPU
		{296A8F01-14D2-4FE6-A1ED-303DA115CCCA}.Release|Any CPU.ActiveCfg = Release|Any CPU
		{296A8F01-14D2-4FE6-A1ED-303DA115CCCA}.Release|Any CPU.Build.0 = Release|Any CPU
		{FFAC2C04-598B-4897-AC8F-4BF4FDA6283B}.Debug|Any CPU.ActiveCfg = Debug|Any CPU
		{FFAC2C04-598B-4897-AC8F-4BF4FDA6283B}.Debug|Any CPU.Build.0 = Debug|Any CPU
		{FFAC2C04-598B-4897-AC8F-4BF4FDA6283B}.Release|Any CPU.ActiveCfg = Release|Any CPU
		{FFAC2C04-598B-4897-AC8F-4BF4FDA6283B}.Release|Any CPU.Build.0 = Release|Any CPU
		{7623DC1C-B176-45B7-BA81-B85984CBB3A6}.Debug|Any CPU.ActiveCfg = Debug|Any CPU
		{7623DC1C-B176-45B7-BA81-B85984CBB3A6}.Debug|Any CPU.Build.0 = Debug|Any CPU
		{7623DC1C-B176-45B7-BA81-B85984CBB3A6}.Release|Any CPU.ActiveCfg = Release|Any CPU
		{7623DC1C-B176-45B7-BA81-B85984CBB3A6}.Release|Any CPU.Build.0 = Release|Any CPU
		{CF332F2A-D9DB-4083-88DB-734BAC90BB12}.Debug|Any CPU.ActiveCfg = Debug|Any CPU
		{CF332F2A-D9DB-4083-88DB-734BAC90BB12}.Debug|Any CPU.Build.0 = Debug|Any CPU
		{CF332F2A-D9DB-4083-88DB-734BAC90BB12}.Release|Any CPU.ActiveCfg = Release|Any CPU
		{CF332F2A-D9DB-4083-88DB-734BAC90BB12}.Release|Any CPU.Build.0 = Release|Any CPU
		{73823E9F-2970-46BE-BFB6-575EB13AC12D}.Debug|Any CPU.ActiveCfg = Debug|Any CPU
		{73823E9F-2970-46BE-BFB6-575EB13AC12D}.Debug|Any CPU.Build.0 = Debug|Any CPU
		{73823E9F-2970-46BE-BFB6-575EB13AC12D}.Release|Any CPU.ActiveCfg = Release|Any CPU
		{73823E9F-2970-46BE-BFB6-575EB13AC12D}.Release|Any CPU.Build.0 = Release|Any CPU
		{DE270CF7-9AE4-404E-A78C-6B6D96B7A75E}.Debug|Any CPU.ActiveCfg = Debug|Any CPU
		{DE270CF7-9AE4-404E-A78C-6B6D96B7A75E}.Debug|Any CPU.Build.0 = Debug|Any CPU
		{DE270CF7-9AE4-404E-A78C-6B6D96B7A75E}.Release|Any CPU.ActiveCfg = Release|Any CPU
		{DE270CF7-9AE4-404E-A78C-6B6D96B7A75E}.Release|Any CPU.Build.0 = Release|Any CPU
		{60823D83-7DDC-439C-9EB0-23EC937F871A}.Debug|Any CPU.ActiveCfg = Debug|Any CPU
		{60823D83-7DDC-439C-9EB0-23EC937F871A}.Debug|Any CPU.Build.0 = Debug|Any CPU
		{60823D83-7DDC-439C-9EB0-23EC937F871A}.Release|Any CPU.ActiveCfg = Release|Any CPU
		{60823D83-7DDC-439C-9EB0-23EC937F871A}.Release|Any CPU.Build.0 = Release|Any CPU
		{959AC70B-6957-48CF-98F6-3805485F8EF3}.Debug|Any CPU.ActiveCfg = Debug|Any CPU
		{959AC70B-6957-48CF-98F6-3805485F8EF3}.Debug|Any CPU.Build.0 = Debug|Any CPU
		{959AC70B-6957-48CF-98F6-3805485F8EF3}.Release|Any CPU.ActiveCfg = Release|Any CPU
		{959AC70B-6957-48CF-98F6-3805485F8EF3}.Release|Any CPU.Build.0 = Release|Any CPU
		{D43B83FF-CDEC-47BB-8059-DCBADDD6EBF7}.Debug|Any CPU.ActiveCfg = Debug|Any CPU
		{D43B83FF-CDEC-47BB-8059-DCBADDD6EBF7}.Debug|Any CPU.Build.0 = Debug|Any CPU
		{D43B83FF-CDEC-47BB-8059-DCBADDD6EBF7}.Release|Any CPU.ActiveCfg = Release|Any CPU
		{D43B83FF-CDEC-47BB-8059-DCBADDD6EBF7}.Release|Any CPU.Build.0 = Release|Any CPU
		{DBE90505-9F98-4440-A917-307340705805}.Debug|Any CPU.ActiveCfg = Debug|Any CPU
		{DBE90505-9F98-4440-A917-307340705805}.Debug|Any CPU.Build.0 = Debug|Any CPU
		{DBE90505-9F98-4440-A917-307340705805}.Release|Any CPU.ActiveCfg = Release|Any CPU
		{DBE90505-9F98-4440-A917-307340705805}.Release|Any CPU.Build.0 = Release|Any CPU
		{20A049E6-6CB2-4BF2-A051-F5C013F38F86}.Debug|Any CPU.ActiveCfg = Debug|Any CPU
		{20A049E6-6CB2-4BF2-A051-F5C013F38F86}.Debug|Any CPU.Build.0 = Debug|Any CPU
		{20A049E6-6CB2-4BF2-A051-F5C013F38F86}.Release|Any CPU.ActiveCfg = Release|Any CPU
		{20A049E6-6CB2-4BF2-A051-F5C013F38F86}.Release|Any CPU.Build.0 = Release|Any CPU
	EndGlobalSection
	GlobalSection(SolutionProperties) = preSolution
		HideSolutionNode = FALSE
	EndGlobalSection
	GlobalSection(NestedProjects) = preSolution
		{3CEEB0EC-2083-469A-8C6B-98F52EDC2DF5} = {3F126EB3-9B01-426C-8EB6-5328C8DEC879}
		{DC6EC959-1720-4E9D-A263-27472C935E49} = {1DC12FB3-A925-43E8-9823-009F60A37146}
		{F93F854A-9C7E-4940-962F-A0D2534EBEDD} = {DC6EC959-1720-4E9D-A263-27472C935E49}
		{D85DA7AC-A8A5-4986-A332-E131D32D181D} = {DA8B4717-2C70-4044-82F3-643A7EB1007C}
		{64D4E285-8334-4A8A-9806-AB53F7A35078} = {DA8B4717-2C70-4044-82F3-643A7EB1007C}
		{822AF956-4C49-492C-8603-E2A1FAC41EB8} = {DC6EC959-1720-4E9D-A263-27472C935E49}
		{F0072929-9424-4C6D-9675-20BF0A47F1FE} = {DC6EC959-1720-4E9D-A263-27472C935E49}
		{3A9FB718-277C-4E62-97EF-EED66CC59636} = {DA8B4717-2C70-4044-82F3-643A7EB1007C}
		{35F5E779-A320-440E-85DB-E7232E343B04} = {DA8B4717-2C70-4044-82F3-643A7EB1007C}
		{296A8F01-14D2-4FE6-A1ED-303DA115CCCA} = {DC6EC959-1720-4E9D-A263-27472C935E49}
		{FFAC2C04-598B-4897-AC8F-4BF4FDA6283B} = {DA8B4717-2C70-4044-82F3-643A7EB1007C}
		{853DC452-1BE7-43BB-A2AA-065AB71B4004} = {1DC12FB3-A925-43E8-9823-009F60A37146}
		{7623DC1C-B176-45B7-BA81-B85984CBB3A6} = {853DC452-1BE7-43BB-A2AA-065AB71B4004}
		{CF332F2A-D9DB-4083-88DB-734BAC90BB12} = {853DC452-1BE7-43BB-A2AA-065AB71B4004}
		{73823E9F-2970-46BE-BFB6-575EB13AC12D} = {853DC452-1BE7-43BB-A2AA-065AB71B4004}
		{DE270CF7-9AE4-404E-A78C-6B6D96B7A75E} = {853DC452-1BE7-43BB-A2AA-065AB71B4004}
		{DE4BB1E8-8A40-4E7B-9DB0-A1CC3901EE2C} = {75B1D95A-B2B6-4299-8562-452108D41F83}
		{C511AC24-C37D-4D25-9CBA-3162BD9C231B} = {75B1D95A-B2B6-4299-8562-452108D41F83}
		{60823D83-7DDC-439C-9EB0-23EC937F871A} = {DE4BB1E8-8A40-4E7B-9DB0-A1CC3901EE2C}
		{73502FFA-7E18-4187-9A3E-85E182FF8557} = {1DC12FB3-A925-43E8-9823-009F60A37146}
		{959AC70B-6957-48CF-98F6-3805485F8EF3} = {73502FFA-7E18-4187-9A3E-85E182FF8557}
		{D43B83FF-CDEC-47BB-8059-DCBADDD6EBF7} = {73502FFA-7E18-4187-9A3E-85E182FF8557}
		{DBE90505-9F98-4440-A917-307340705805} = {73502FFA-7E18-4187-9A3E-85E182FF8557}
		{20A049E6-6CB2-4BF2-A051-F5C013F38F86} = {73502FFA-7E18-4187-9A3E-85E182FF8557}
	EndGlobalSection
	GlobalSection(ExtensibilityGlobals) = postSolution
		SolutionGuid = {60173DB3-E10B-4EAD-8745-3ED58516D5A0}
	EndGlobalSection
EndGlobal
